
Microsoft Visual Studio Solution File, Format Version 12.00
Project("{2150E333-8FDC-42A3-9474-1A3956D46DE8}") = "src", "src", "{B22A8D50-D144-4585-938E-C00AC1BE89A6}"
EndProject
Project("{FAE04EC0-301F-11D3-BF4B-00C04F79EFBC}") = "LMS.Core", "src\LMS.Core\LMS.Core.csproj", "{3A65D486-0D89-4711-A1F7-401F3B27E292}"
EndProject
Project("{FAE04EC0-301F-11D3-BF4B-00C04F79EFBC}") = "LMS.Entity", "src\LMS.Entity\LMS.Entity.csproj", "{27EBA939-6A57-496C-AFAD-D356DC0BB4C7}"
EndProject
Project("{FAE04EC0-301F-11D3-BF4B-00C04F79EFBC}") = "LMS.Data", "src\LMS.Data\LMS.Data.csproj", "{04F83F7D-6912-4CE5-9B25-4ABFEB8A4AA2}"
EndProject
Project("{FAE04EC0-301F-11D3-BF4B-00C04F79EFBC}") = "LMS.Service", "src\LMS.Service\LMS.Service.csproj", "{92314C97-9858-4CE0-957C-D6DD67F5FCBB}"
EndProject
Project("{FAE04EC0-301F-11D3-BF4B-00C04F79EFBC}") = "LMS.Web", "src\LMS.Web\LMS.Web.csproj", "{366CAD0C-38C9-4D59-9225-5F3085D8A5AE}"
EndProject
Project("{2150E333-8FDC-42A3-9474-1A3956D46DE8}") = "Solution Items", "Solution Items", "{027CBB40-A030-4C76-88A5-DE6AC621D4F2}"
	ProjectSection(SolutionItems) = preProject
		docker-compose.yml = docker-compose.yml
	EndProjectSection
EndProject
Global
	GlobalSection(SolutionConfigurationPlatforms) = preSolution
		Debug|Any CPU = Debug|Any CPU
		Release|Any CPU = Release|Any CPU
	EndGlobalSection
	GlobalSection(NestedProjects) = preSolution
		{3A65D486-0D89-4711-A1F7-401F3B27E292} = {B22A8D50-D144-4585-938E-C00AC1BE89A6}
		{27EBA939-6A57-496C-AFAD-D356DC0BB4C7} = {B22A8D50-D144-4585-938E-C00AC1BE89A6}
		{04F83F7D-6912-4CE5-9B25-4ABFEB8A4AA2} = {B22A8D50-D144-4585-938E-C00AC1BE89A6}
		{92314C97-9858-4CE0-957C-D6DD67F5FCBB} = {B22A8D50-D144-4585-938E-C00AC1BE89A6}
		{366CAD0C-38C9-4D59-9225-5F3085D8A5AE} = {B22A8D50-D144-4585-938E-C00AC1BE89A6}
	EndGlobalSection
	GlobalSection(ProjectConfigurationPlatforms) = postSolution
		{3A65D486-0D89-4711-A1F7-401F3B27E292}.Debug|Any CPU.ActiveCfg = Debug|Any CPU
		{3A65D486-0D89-4711-A1F7-401F3B27E292}.Debug|Any CPU.Build.0 = Debug|Any CPU
		{3A65D486-0D89-4711-A1F7-401F3B27E292}.Release|Any CPU.ActiveCfg = Release|Any CPU
		{3A65D486-0D89-4711-A1F7-401F3B27E292}.Release|Any CPU.Build.0 = Release|Any CPU
		{27EBA939-6A57-496C-AFAD-D356DC0BB4C7}.Debug|Any CPU.ActiveCfg = Debug|Any CPU
		{27EBA939-6A57-496C-AFAD-D356DC0BB4C7}.Debug|Any CPU.Build.0 = Debug|Any CPU
		{27EBA939-6A57-496C-AFAD-D356DC0BB4C7}.Release|Any CPU.ActiveCfg = Release|Any CPU
		{27EBA939-6A57-496C-AFAD-D356DC0BB4C7}.Release|Any CPU.Build.0 = Release|Any CPU
		{04F83F7D-6912-4CE5-9B25-4ABFEB8A4AA2}.Debug|Any CPU.ActiveCfg = Debug|Any CPU
		{04F83F7D-6912-4CE5-9B25-4ABFEB8A4AA2}.Debug|Any CPU.Build.0 = Debug|Any CPU
		{04F83F7D-6912-4CE5-9B25-4ABFEB8A4AA2}.Release|Any CPU.ActiveCfg = Release|Any CPU
		{04F83F7D-6912-4CE5-9B25-4ABFEB8A4AA2}.Release|Any CPU.Build.0 = Release|Any CPU
		{92314C97-9858-4CE0-957C-D6DD67F5FCBB}.Debug|Any CPU.ActiveCfg = Debug|Any CPU
		{92314C97-9858-4CE0-957C-D6DD67F5FCBB}.Debug|Any CPU.Build.0 = Debug|Any CPU
		{92314C97-9858-4CE0-957C-D6DD67F5FCBB}.Release|Any CPU.ActiveCfg = Release|Any CPU
		{92314C97-9858-4CE0-957C-D6DD67F5FCBB}.Release|Any CPU.Build.0 = Release|Any CPU
		{366CAD0C-38C9-4D59-9225-5F3085D8A5AE}.Debug|Any CPU.ActiveCfg = Debug|Any CPU
		{366CAD0C-38C9-4D59-9225-5F3085D8A5AE}.Debug|Any CPU.Build.0 = Debug|Any CPU
		{366CAD0C-38C9-4D59-9225-5F3085D8A5AE}.Release|Any CPU.ActiveCfg = Release|Any CPU
		{366CAD0C-38C9-4D59-9225-5F3085D8A5AE}.Release|Any CPU.Build.0 = Release|Any CPU
	EndGlobalSection
EndGlobal
